version = 1
revision = 3
requires-python = ">=3.13"

[[package]]
name = "pyzstd"
version = "0.18.0"
source = { registry = "https://pypi.org/simple" }
sdist = { url = "https://files.pythonhosted.org/packages/47/82/7bcafbf06ee83a66990ce5badbb8f4dc32184346bab20de7e468b1a2f6ec/pyzstd-0.18.0.tar.gz", hash = "sha256:81b6851ab1ca2e5f2c709e896a1362e3065a64f271f43db77fb7d5e4a78e9861", size = 806048, upload-time = "2025-10-05T08:19:47.994Z" }
wheels = [
    { url = "https://files.pythonhosted.org/packages/f5/55/9e200f8ad193bb9d060cd724a8f876e40be918eece578c46c33cab336cf4/pyzstd-0.18.0-cp313-cp313-macosx_10_13_x86_64.whl", hash = "sha256:65117997d1e10e9b41336c90c2c4877c8d27533f753272805ff39df15fd5298a", size = 369781, upload-time = "2025-10-05T08:18:33.37Z" },
    { url = "https://files.pythonhosted.org/packages/64/73/28bc86e284ca5e5ea082641748f2a583c9db8744dbf2c28d54e85e101114/pyzstd-0.18.0-cp313-cp313-macosx_11_0_arm64.whl", hash = "sha256:8550efbfb5944343666d0e79d6a3687adcbeb4dbf17aa743146a25e72d12d47f", size = 295771, upload-time = "2025-10-05T08:18:34.665Z" },
    { url = "https://files.pythonhosted.org/packages/98/3d/bb6f1316a14bd4079aa3cad13cfd7cd3a1feef4a5756bdb7a9e8758a5ab1/pyzstd-0.18.0-cp313-cp313-manylinux2014_aarch64.manylinux_2_17_aarch64.manylinux_2_28_aarch64.whl", hash = "sha256:ac61854c4a77df66695540549a89f4c67039e4181a9158b8646425f1d56d947a", size = 411244, upload-time = "2025-10-05T08:18:35.879Z" },
    { url = "https://files.pythonhosted.org/packages/be/ee/32fdd020003a3bc672b93ec1f9c2520a196bc57e6847a7ff38991dc7b4ea/pyzstd-0.18.0-cp313-cp313-manylinux2014_ppc64le.manylinux_2_17_ppc64le.manylinux_2_28_ppc64le.whl", hash = "sha256:4c453369483f67480f86d67a7b63ef22827db65e7f0d4bec7992bb81751a94b9", size = 518289, upload-time = "2025-10-05T08:18:37.657Z" },
    { url = "https://files.pythonhosted.org/packages/a3/c2/0564465315ba5d3524f8bc625af2c125d4549a186bda6fa3b6eafa88d8f4/pyzstd-0.18.0-cp313-cp313-manylinux2014_s390x.manylinux_2_17_s390x.manylinux_2_28_s390x.whl", hash = "sha256:4ef4b757b2df808ac15058fc2aa41e07d93843ee5a95629ff51eb6e8f1950951", size = 577193, upload-time = "2025-10-05T08:18:38.891Z" },
    { url = "https://files.pythonhosted.org/packages/de/16/8540b868a5b0fa9eaf743856f86088e3cac8477fbf2339e76c5c973622cc/pyzstd-0.18.0-cp313-cp313-manylinux2014_x86_64.manylinux_2_17_x86_64.manylinux_2_28_x86_64.whl", hash = "sha256:b42529770febd331e23c5e8a68e9899acb0cc0806ee4c970354806c0ceeec6c7", size = 429177, upload-time = "2025-10-05T08:18:40.11Z" },
    { url = "https://files.pythonhosted.org/packages/f1/b7/08ba7b145978b0b5c4d83e26dca8140d71516fed42f60b31a7f387c6c89f/pyzstd-0.18.0-cp313-cp313-musllinux_1_2_aarch64.whl", hash = "sha256:7f54d13c269cdc37d2f73c9b3e70c6d2bb168dec768a472d54c2ed830bb19fb9", size = 419281, upload-time = "2025-10-05T08:18:41.46Z" },
    { url = "https://files.pythonhosted.org/packages/cb/da/7f64baf48b060bdc071388c90fb6b32992a5827ab5810d6deced86219ec5/pyzstd-0.18.0-cp313-cp313-musllinux_1_2_ppc64le.whl", hash = "sha256:e6686460ca4be536dca1b6f2f80055f383a78e92e68e03a14806428572c4fdba", size = 523202, upload-time = "2025-10-05T08:18:42.868Z" },
    { url = "https://files.pythonhosted.org/packages/0c/5b/f5227ebe3ba672ec1051d27546c1d1cb1fde4a84fe8c5fa8cd6bc1b35614/pyzstd-0.18.0-cp313-cp313-musllinux_1_2_s390x.whl", hash = "sha256:8da3978d7de9095cacc5089bd0c435ab84ebd127e0979cd31fa1b216111644af", size = 567497, upload-time = "2025-10-05T08:18:44.507Z" },
    { url = "https://files.pythonhosted.org/packages/ea/ca/d067850a8035efc68ccc0399f343e86c18111dcb9ddec2a4b8b2ebe421eb/pyzstd-0.18.0-cp313-cp313-musllinux_1_2_x86_64.whl", hash = "sha256:1ebc87e6e50547cff97e07c3fed9999d79b6327c9c4143c3049a7cfeacb2cdba", size = 433881, upload-time = "2025-10-05T08:18:45.761Z" },
    { url = "https://files.pythonhosted.org/packages/64/26/6c91c0815556ab8f7ddd67e891009a4ba6481b905b84a361697f208b053a/pyzstd-0.18.0-cp313-cp313-win32.whl", hash = "sha256:2dd203f2534b16dea2761394fda4e0f3c465a5109ae6450bdaada67e6ac14a45", size = 221170, upload-time = "2025-10-05T08:18:46.986Z" },
    { url = "https://files.pythonhosted.org/packages/a5/8e/3f6f445ee23864988ae3cfd6cebd3fe79dd42dbaa50538275928082e3df8/pyzstd-0.18.0-cp313-cp313-win_amd64.whl", hash = "sha256:98f43488f88b859291d6bdc51cc7793d1eab17aa9382b17d762944bbb8567c98", size = 249759, upload-time = "2025-10-05T08:18:48.526Z" },
    { url = "https://files.pythonhosted.org/packages/b3/43/1a96bd7bae073ae57c3927ece4cd72355ad46b7153961857d6a77a5bec9d/pyzstd-0.18.0-cp313-cp313-win_arm64.whl", hash = "sha256:cff8922e25e19d8fbd95b53f451e637bc80e826ab53c8777a885d4e99d1c0c2d", size = 222548, upload-time = "2025-10-05T08:18:50.163Z" },
    { url = "https://files.pythonhosted.org/packages/11/37/d82e2bf7aad6df47a0914b47460a242802d6107cb63e3b0f0b02fab911b0/pyzstd-0.18.0-cp314-cp314-macosx_10_13_x86_64.whl", hash = "sha256:67f795ec745cfd6930cdaf5118fcdd8d87ce02b07b254d37efe75afd33ce9917", size = 369755, upload-time = "2025-10-05T08:18:51.353Z" },
    { url = "https://files.pythonhosted.org/packages/90/1f/b01eb168e7dd689a0df6dcdd5e8171953927330e3b40e290c7a227714e50/pyzstd-0.18.0-cp314-cp314-macosx_11_0_arm64.whl", hash = "sha256:a8a589673b9b417a084e393f18d09a16b67b87a80f80da6d3b4f84dd983c9b3d", size = 295789, upload-time = "2025-10-05T08:18:53.065Z" },
    { url = "https://files.pythonhosted.org/packages/c0/70/581b01d765833eb12f8b04e048d4d5f803007e491c9ecb57bc1ca810317f/pyzstd-0.18.0-cp314-cp314-manylinux2014_aarch64.manylinux_2_17_aarch64.manylinux_2_28_aarch64.whl", hash = "sha256:fdaee8c33f96a6568225e821e6cc33045917628ae0bc7d8d3855332085c1aa7c", size = 411367, upload-time = "2025-10-05T08:18:54.295Z" },
    { url = "https://files.pythonhosted.org/packages/32/ff/9896a01d1eef51e352f6d9d8175f9ff13b394a8239f337c6e0ec930fe3ee/pyzstd-0.18.0-cp314-cp314-manylinux2014_ppc64le.manylinux_2_17_ppc64le.manylinux_2_28_ppc64le.whl", hash = "sha256:42bf45d8e835d7c9c0bef98ff703143a5129edf09ef6c3b757037cbf79eabcaa", size = 518386, upload-time = "2025-10-05T08:18:55.472Z" },
    { url = "https://files.pythonhosted.org/packages/26/24/60cebe2101a3915535a480f77c0acc1e2b9d690377ef72e0237594def37e/pyzstd-0.18.0-cp314-cp314-manylinux2014_s390x.manylinux_2_17_s390x.manylinux_2_28_s390x.whl", hash = "sha256:2f4dff2a15e2047baea9359d3a547dee80f61887f17e0f23190b4b932fd617e4", size = 577251, upload-time = "2025-10-05T08:18:56.789Z" },
    { url = "https://files.pythonhosted.org/packages/7e/d0/86beb2bf4b112c46eb39c24389561f979672f262dcb76f3b500c7ab47fb1/pyzstd-0.18.0-cp314-cp314-manylinux2014_x86_64.manylinux_2_17_x86_64.manylinux_2_28_x86_64.whl", hash = "sha256:2ed87932d6c534fc8921f7d44a4dadb32881e10ebc68935175a2cba254f5cc83", size = 429102, upload-time = "2025-10-05T08:18:57.973Z" },
    { url = "https://files.pythonhosted.org/packages/be/a4/1037092d5ff6fc11db687ae71413c51eef59b3fc6899a4777328eafcc7b3/pyzstd-0.18.0-cp314-cp314-musllinux_1_2_aarch64.whl", hash = "sha256:7d08a372b2b7fa1fd24217424e13d3d794e01299c43c8bd55f50934ef0785779", size = 419324, upload-time = "2025-10-05T08:18:59.297Z" },
    { url = "https://files.pythonhosted.org/packages/b3/97/13855620caa4f00262b819b0962dbf66e798f17523fd770edea5eb471e52/pyzstd-0.18.0-cp314-cp314-musllinux_1_2_ppc64le.whl", hash = "sha256:e8403108172e24622f51732a336a89fe32bf3842965e0dc677c65df3a562f3ad", size = 523380, upload-time = "2025-10-05T08:19:01.022Z" },
    { url = "https://files.pythonhosted.org/packages/a4/20/7f0b24d7da75637094191847df620e6a3de954742a2899c89c0f80fd9f71/pyzstd-0.18.0-cp314-cp314-musllinux_1_2_s390x.whl", hash = "sha256:5604eeb7f00ec308b7e878dae92abfc4eee2e5d238765a62d4fadc0d57bbbff3", size = 567596, upload-time = "2025-10-05T08:19:02.408Z" },
    { url = "https://files.pythonhosted.org/packages/58/87/389186d0ba732ba4f53dbf3dc82ac08a783e7ea2ab06de21c98ae4ae5a65/pyzstd-0.18.0-cp314-cp314-musllinux_1_2_x86_64.whl", hash = "sha256:d6b300c5240409f1e7ab9972ab2a880a1949447d8414dbc11d89c10bfcb31aa5", size = 433862, upload-time = "2025-10-05T08:19:05.258Z" },
    { url = "https://files.pythonhosted.org/packages/fc/6f/bedcdbbfecae9f253eaeaa3776a2876cbd4af66ce710d1e2492546debc61/pyzstd-0.18.0-cp314-cp314-win32.whl", hash = "sha256:83f4fe1409a59c45a5e6fccb4d451e1e3dd03a5fabebd2dd6ba651468f54025e", size = 225481, upload-time = "2025-10-05T08:19:06.525Z" },
    { url = "https://files.pythonhosted.org/packages/df/04/85bc2d0d906762c84f6e2f2be7228c1f610b8d42dfbb0602b281ee14bd9d/pyzstd-0.18.0-cp314-cp314-win_amd64.whl", hash = "sha256:73c3dcd9a16f1669ed6eef0dad1d840b7dd6070ab7d48719171ca691101e7975", size = 255101, upload-time = "2025-10-05T08:19:07.807Z" },
    { url = "https://files.pythonhosted.org/packages/64/5c/19e973213762479698dd551b39e7841fcc16104f492fdf941daa42637633/pyzstd-0.18.0-cp314-cp314-win_arm64.whl", hash = "sha256:61333bbb337b9746284624ed14f6238838dfae1e395691ba49f227015374f760", size = 229465, upload-time = "2025-10-05T08:19:09.084Z" },
]

[[package]]
name = "xbps"
source = { editable = "." }
dependencies = [
    { name = "pyzstd", marker = "python_full_version < '3.14'" },
]

[package.metadata]
requires-dist = [{ name = "pyzstd", marker = "python_full_version < '3.14'", specifier = ">=0.18.0" }]
